
Microsoft Visual Studio Solution File, Format Version 12.00
# Visual Studio Version 16
VisualStudioVersion = 16.0.30204.135
MinimumVisualStudioVersion = 10.0.40219.1
Project("{FAE04EC0-301F-11D3-BF4B-00C04F79EFBC}") = "Aula01Chacara", "Aula01Chacara.csproj", "{6A8AA20D-8008-4E72-AB4C-3DBBE36543BC}"
EndProject
Global
	GlobalSection(SolutionConfigurationPlatforms) = preSolution
		Debug|Any CPU = Debug|Any CPU
		Release|Any CPU = Release|Any CPU
	EndGlobalSection
	GlobalSection(ProjectConfigurationPlatforms) = postSolution
		{6A8AA20D-8008-4E72-AB4C-3DBBE36543BC}.Debug|Any CPU.ActiveCfg = Debug|Any CPU
		{6A8AA20D-8008-4E72-AB4C-3DBBE36543BC}.Debug|Any CPU.Build.0 = Debug|Any CPU
		{6A8AA20D-8008-4E72-AB4C-3DBBE36543BC}.Release|Any CPU.ActiveCfg = Release|Any CPU
		{6A8AA20D-8008-4E72-AB4C-3DBBE36543BC}.Release|Any CPU.Build.0 = Release|Any CPU
	EndGlobalSection
	GlobalSection(SolutionProperties) = preSolution
		HideSolutionNode = FALSE
	EndGlobalSection
	GlobalSection(ExtensibilityGlobals) = postSolution
		SolutionGuid = {2C0EAF7E-62EC-47B7-984D-C022B8230C6A}
	EndGlobalSection
EndGlobal
